
Microsoft Visual Studio Solution File, Format Version 12.00
# Visual Studio 2012
Project("{FAE04EC0-301F-11D3-BF4B-00C04F79EFBC}") = "VideoApp", "VideoApp\VideoApp.csproj", "{9EA4376B-1F27-4586-970C-87F53252B116}"
EndProject
Project("{FAE04EC0-301F-11D3-BF4B-00C04F79EFBC}") = "VideoApp.iOS", "iOS\VideoApp.iOS.csproj", "{CC8C4A66-1CDB-4110-A086-ED4B35B3EB52}"
EndProject
Project("{FAE04EC0-301F-11D3-BF4B-00C04F79EFBC}") = "VideoApp.Droid", "Droid\VideoApp.Droid.csproj", "{18872336-7F9D-4F2A-AFB7-0FC7AD11140D}"
EndProject
Global
	GlobalSection(SolutionConfigurationPlatforms) = preSolution
		Debug|Any CPU = Debug|Any CPU
		Release|Any CPU = Release|Any CPU
		Debug|iPhoneSimulator = Debug|iPhoneSimulator
		Release|iPhone = Release|iPhone
		Release|iPhoneSimulator = Release|iPhoneSimulator
		Debug|iPhone = Debug|iPhone
	EndGlobalSection
	GlobalSection(ProjectConfigurationPlatforms) = postSolution
		{9EA4376B-1F27-4586-970C-87F53252B116}.Debug|Any CPU.ActiveCfg = Debug|Any CPU
		{9EA4376B-1F27-4586-970C-87F53252B116}.Debug|Any CPU.Build.0 = Debug|Any CPU
		{9EA4376B-1F27-4586-970C-87F53252B116}.Release|Any CPU.ActiveCfg = Release|Any CPU
		{9EA4376B-1F27-4586-970C-87F53252B116}.Release|Any CPU.Build.0 = Release|Any CPU
		{9EA4376B-1F27-4586-970C-87F53252B116}.Debug|iPhoneSimulator.ActiveCfg = Debug|Any CPU
		{9EA4376B-1F27-4586-970C-87F53252B116}.Debug|iPhoneSimulator.Build.0 = Debug|Any CPU
		{9EA4376B-1F27-4586-970C-87F53252B116}.Release|iPhone.ActiveCfg = Release|Any CPU
		{9EA4376B-1F27-4586-970C-87F53252B116}.Release|iPhone.Build.0 = Release|Any CPU
		{9EA4376B-1F27-4586-970C-87F53252B116}.Release|iPhoneSimulator.ActiveCfg = Release|Any CPU
		{9EA4376B-1F27-4586-970C-87F53252B116}.Release|iPhoneSimulator.Build.0 = Release|Any CPU
		{9EA4376B-1F27-4586-970C-87F53252B116}.Debug|iPhone.ActiveCfg = Debug|Any CPU
		{9EA4376B-1F27-4586-970C-87F53252B116}.Debug|iPhone.Build.0 = Debug|Any CPU
		{CC8C4A66-1CDB-4110-A086-ED4B35B3EB52}.Debug|Any CPU.ActiveCfg = Debug|iPhoneSimulator
		{CC8C4A66-1CDB-4110-A086-ED4B35B3EB52}.Debug|Any CPU.Build.0 = Debug|iPhoneSimulator
		{CC8C4A66-1CDB-4110-A086-ED4B35B3EB52}.Release|Any CPU.ActiveCfg = Release|iPhone
		{CC8C4A66-1CDB-4110-A086-ED4B35B3EB52}.Release|Any CPU.Build.0 = Release|iPhone
		{CC8C4A66-1CDB-4110-A086-ED4B35B3EB52}.Debug|iPhoneSimulator.ActiveCfg = Debug|iPhoneSimulator
		{CC8C4A66-1CDB-4110-A086-ED4B35B3EB52}.Debug|iPhoneSimulator.Build.0 = Debug|iPhoneSimulator
		{CC8C4A66-1CDB-4110-A086-ED4B35B3EB52}.Release|iPhone.ActiveCfg = Release|iPhone
		{CC8C4A66-1CDB-4110-A086-ED4B35B3EB52}.Release|iPhone.Build.0 = Release|iPhone
		{CC8C4A66-1CDB-4110-A086-ED4B35B3EB52}.Release|iPhoneSimulator.ActiveCfg = Release|iPhoneSimulator
		{CC8C4A66-1CDB-4110-A086-ED4B35B3EB52}.Release|iPhoneSimulator.Build.0 = Release|iPhoneSimulator
		{CC8C4A66-1CDB-4110-A086-ED4B35B3EB52}.Debug|iPhone.ActiveCfg = Debug|iPhone
		{CC8C4A66-1CDB-4110-A086-ED4B35B3EB52}.Debug|iPhone.Build.0 = Debug|iPhone
		{18872336-7F9D-4F2A-AFB7-0FC7AD11140D}.Debug|Any CPU.ActiveCfg = Debug|Any CPU
		{18872336-7F9D-4F2A-AFB7-0FC7AD11140D}.Debug|Any CPU.Build.0 = Debug|Any CPU
		{18872336-7F9D-4F2A-AFB7-0FC7AD11140D}.Release|Any CPU.ActiveCfg = Release|Any CPU
		{18872336-7F9D-4F2A-AFB7-0FC7AD11140D}.Release|Any CPU.Build.0 = Release|Any CPU
		{18872336-7F9D-4F2A-AFB7-0FC7AD11140D}.Debug|iPhoneSimulator.ActiveCfg = Debug|Any CPU
		{18872336-7F9D-4F2A-AFB7-0FC7AD11140D}.Debug|iPhoneSimulator.Build.0 = Debug|Any CPU
		{18872336-7F9D-4F2A-AFB7-0FC7AD11140D}.Release|iPhone.ActiveCfg = Release|Any CPU
		{18872336-7F9D-4F2A-AFB7-0FC7AD11140D}.Release|iPhone.Build.0 = Release|Any CPU
		{18872336-7F9D-4F2A-AFB7-0FC7AD11140D}.Release|iPhoneSimulator.ActiveCfg = Release|Any CPU
		{18872336-7F9D-4F2A-AFB7-0FC7AD11140D}.Release|iPhoneSimulator.Build.0 = Release|Any CPU
		{18872336-7F9D-4F2A-AFB7-0FC7AD11140D}.Debug|iPhone.ActiveCfg = Debug|Any CPU
		{18872336-7F9D-4F2A-AFB7-0FC7AD11140D}.Debug|iPhone.Build.0 = Debug|Any CPU
	EndGlobalSection
EndGlobal
